// !$*UTF8*$!
{
	archiveVersion = 1;
	classes = {
	};
	objectVersion = 50;
	objects = {

/* Begin PBXBuildFile section */
		7F06CD4922241DFC00A15190 /* libunp.a in Frameworks */ = {isa = PBXBuildFile; fileRef = 72AC35282220FAAB004BE496 /* libunp.a */; };
		7FB75EA2222F6E6B00C7BA2D /* libnet.c in Sources */ = {isa = PBXBuildFile; fileRef = 7FB75EA1222F6E6B00C7BA2D /* libnet.c */; };
		7FE2EB73223102DF00ACC5F2 /* daytimecli.c in Sources */ = {isa = PBXBuildFile; fileRef = 7FB75EA3222F740200C7BA2D /* daytimecli.c */; };
		7FE2EB78223234EB00ACC5F2 /* daytimeserv.c in Sources */ = {isa = PBXBuildFile; fileRef = 7FE2EB7622322F5F00ACC5F2 /* daytimeserv.c */; };
		7FE2EB7A22324BC700ACC5F2 /* daytimeservinetd.c in Sources */ = {isa = PBXBuildFile; fileRef = 7FE2EB7922324BC700ACC5F2 /* daytimeservinetd.c */; };
/* End PBXBuildFile section */

/* Begin PBXCopyFilesBuildPhase section */
		72AC35142220ECDF004BE496 /* CopyFiles */ = {
			isa = PBXCopyFilesBuildPhase;
			buildActionMask = 2147483647;
			dstPath = /usr/share/man/man1/;
			dstSubfolderSpec = 0;
			files = (
			);
			runOnlyForDeploymentPostprocessing = 1;
		};
/* End PBXCopyFilesBuildPhase section */

/* Begin PBXFileReference section */
		72AC35162220ECDF004BE496 /* netprogram */ = {isa = PBXFileReference; explicitFileType = "compiled.mach-o.executable"; includeInIndex = 0; path = netprogram; sourceTree = BUILT_PRODUCTS_DIR; };
		72AC35192220ECDF004BE496 /* main.c */ = {isa = PBXFileReference; lastKnownFileType = sourcecode.c.c; path = main.c; sourceTree = "<group>"; };
		72AC35282220FAAB004BE496 /* libunp.a */ = {isa = PBXFileReference; lastKnownFileType = archive.ar; name = libunp.a; path = ../unixnetworkprogram/libunp.a; sourceTree = "<group>"; };
		72AC352B2220FD81004BE496 /* daytimeclient.c */ = {isa = PBXFileReference; lastKnownFileType = sourcecode.c.c; path = daytimeclient.c; sourceTree = "<group>"; };
		72AC3531222101F6004BE496 /* daytimeserver.c */ = {isa = PBXFileReference; lastKnownFileType = sourcecode.c.c; path = daytimeserver.c; sourceTree = "<group>"; };
		7F06CD4522241D2100A15190 /* echo_server.c */ = {isa = PBXFileReference; lastKnownFileType = sourcecode.c.c; path = echo_server.c; sourceTree = "<group>"; };
		7F06CD4B222422D500A15190 /* echo_client.c */ = {isa = PBXFileReference; lastKnownFileType = sourcecode.c.c; path = echo_client.c; sourceTree = "<group>"; };
		7F06CD5322251BF500A15190 /* sum.h */ = {isa = PBXFileReference; lastKnownFileType = sourcecode.c.h; path = sum.h; sourceTree = "<group>"; };
		7F21DD5D2228FB5500E47B67 /* checksockopt.c */ = {isa = PBXFileReference; lastKnownFileType = sourcecode.c.c; path = checksockopt.c; sourceTree = "<group>"; };
		7F665EF622277D1C00B71A6F /* echo_select_server.c */ = {isa = PBXFileReference; lastKnownFileType = sourcecode.c.c; path = echo_select_server.c; sourceTree = "<group>"; };
		7F665EF92227AC7900B71A6F /* echo_poll_server.c */ = {isa = PBXFileReference; lastKnownFileType = sourcecode.c.c; path = echo_poll_server.c; sourceTree = "<group>"; };
		7FB38861222E60AB003F17BD /* gethostbyname.c */ = {isa = PBXFileReference; lastKnownFileType = sourcecode.c.c; path = gethostbyname.c; sourceTree = "<group>"; };
		7FB75EA0222F6E6B00C7BA2D /* libnet.h */ = {isa = PBXFileReference; lastKnownFileType = sourcecode.c.h; path = libnet.h; sourceTree = "<group>"; };
		7FB75EA1222F6E6B00C7BA2D /* libnet.c */ = {isa = PBXFileReference; lastKnownFileType = sourcecode.c.c; path = libnet.c; sourceTree = "<group>"; };
		7FB75EA3222F740200C7BA2D /* daytimecli.c */ = {isa = PBXFileReference; lastKnownFileType = sourcecode.c.c; path = daytimecli.c; sourceTree = "<group>"; };
		7FB75EA5222F911300C7BA2D /* daytimeserv.c */ = {isa = PBXFileReference; lastKnownFileType = sourcecode.c.c; path = daytimeserv.c; sourceTree = "<group>"; };
		7FB75EA9222F9D1900C7BA2D /* daytimeudpcli.c */ = {isa = PBXFileReference; lastKnownFileType = sourcecode.c.c; path = daytimeudpcli.c; sourceTree = "<group>"; };
		7FB75EAB222FA9BA00C7BA2D /* daytimeudpserv.c */ = {isa = PBXFileReference; lastKnownFileType = sourcecode.c.c; path = daytimeudpserv.c; sourceTree = "<group>"; };
		7FE2EB7622322F5F00ACC5F2 /* daytimeserv.c */ = {isa = PBXFileReference; lastKnownFileType = sourcecode.c.c; path = daytimeserv.c; sourceTree = "<group>"; };
		7FE2EB7922324BC700ACC5F2 /* daytimeservinetd.c */ = {isa = PBXFileReference; lastKnownFileType = sourcecode.c.c; path = daytimeservinetd.c; sourceTree = "<group>"; };
/* End PBXFileReference section */

/* Begin PBXFrameworksBuildPhase section */
		72AC35132220ECDF004BE496 /* Frameworks */ = {
			isa = PBXFrameworksBuildPhase;
			buildActionMask = 2147483647;
			files = (
				7F06CD4922241DFC00A15190 /* libunp.a in Frameworks */,
			);
			runOnlyForDeploymentPostprocessing = 0;
		};
/* End PBXFrameworksBuildPhase section */

/* Begin PBXGroup section */
		72AC350D2220ECDF004BE496 = {
			isa = PBXGroup;
			children = (
				72AC35182220ECDF004BE496 /* netprogram */,
				72AC35172220ECDF004BE496 /* Products */,
				72AC35272220FAAB004BE496 /* Frameworks */,
			);
			sourceTree = "<group>";
		};
		72AC35172220ECDF004BE496 /* Products */ = {
			isa = PBXGroup;
			children = (
				72AC35162220ECDF004BE496 /* netprogram */,
			);
			name = Products;
			sourceTree = "<group>";
		};
		72AC35182220ECDF004BE496 /* netprogram */ = {
			isa = PBXGroup;
			children = (
				7FE2EB7522322F2300ACC5F2 /* 9-2 */,
				7FB75E9F222F6E5900C7BA2D /* lib */,
				7FB38860222E6092003F17BD /* 8-9 */,
				7F21DD5C2228FB3800E47B67 /* sockopt */,
				7F06CD4422241D0700A15190 /* 8-1 */,
				72AC352A2220FD6B004BE496 /* 7-1 */,
				72AC35192220ECDF004BE496 /* main.c */,
			);
			path = netprogram;
			sourceTree = "<group>";
		};
		72AC35272220FAAB004BE496 /* Frameworks */ = {
			isa = PBXGroup;
			children = (
				72AC35282220FAAB004BE496 /* libunp.a */,
			);
			name = Frameworks;
			sourceTree = "<group>";
		};
		72AC352A2220FD6B004BE496 /* 7-1 */ = {
			isa = PBXGroup;
			children = (
				72AC352B2220FD81004BE496 /* daytimeclient.c */,
				72AC3531222101F6004BE496 /* daytimeserver.c */,
			);
			path = "7-1";
			sourceTree = "<group>";
		};
		7F06CD4422241D0700A15190 /* 8-1 */ = {
			isa = PBXGroup;
			children = (
				7F06CD4522241D2100A15190 /* echo_server.c */,
				7F06CD5322251BF500A15190 /* sum.h */,
				7F06CD4B222422D500A15190 /* echo_client.c */,
				7F665EF622277D1C00B71A6F /* echo_select_server.c */,
				7F665EF92227AC7900B71A6F /* echo_poll_server.c */,
			);
			path = "8-1";
			sourceTree = "<group>";
		};
		7F21DD5C2228FB3800E47B67 /* sockopt */ = {
			isa = PBXGroup;
			children = (
				7F21DD5D2228FB5500E47B67 /* checksockopt.c */,
			);
			path = sockopt;
			sourceTree = "<group>";
		};
		7FB38860222E6092003F17BD /* 8-9 */ = {
			isa = PBXGroup;
			children = (
				7FB38861222E60AB003F17BD /* gethostbyname.c */,
			);
			path = "8-9";
			sourceTree = "<group>";
		};
		7FB75E9F222F6E5900C7BA2D /* lib */ = {
			isa = PBXGroup;
			children = (
				7FB75EA0222F6E6B00C7BA2D /* libnet.h */,
				7FB75EA1222F6E6B00C7BA2D /* libnet.c */,
				7FB75EA3222F740200C7BA2D /* daytimecli.c */,
				7FB75EA5222F911300C7BA2D /* daytimeserv.c */,
				7FB75EA9222F9D1900C7BA2D /* daytimeudpcli.c */,
				7FB75EAB222FA9BA00C7BA2D /* daytimeudpserv.c */,
			);
			path = lib;
			sourceTree = "<group>";
		};
		7FE2EB7522322F2300ACC5F2 /* 9-2 */ = {
			isa = PBXGroup;
			children = (
				7FE2EB7622322F5F00ACC5F2 /* daytimeserv.c */,
				7FE2EB7922324BC700ACC5F2 /* daytimeservinetd.c */,
			);
			path = "9-2";
			sourceTree = "<group>";
		};
/* End PBXGroup section */

/* Begin PBXNativeTarget section */
		72AC35152220ECDF004BE496 /* netprogram */ = {
			isa = PBXNativeTarget;
			buildConfigurationList = 72AC351D2220ECDF004BE496 /* Build configuration list for PBXNativeTarget "netprogram" */;
			buildPhases = (
				72AC35122220ECDF004BE496 /* Sources */,
				72AC35132220ECDF004BE496 /* Frameworks */,
				72AC35142220ECDF004BE496 /* CopyFiles */,
			);
			buildRules = (
			);
			dependencies = (
			);
			name = netprogram;
			productName = netprogram;
			productReference = 72AC35162220ECDF004BE496 /* netprogram */;
			productType = "com.apple.product-type.tool";
		};
/* End PBXNativeTarget section */

/* Begin PBXProject section */
		72AC350E2220ECDF004BE496 /* Project object */ = {
			isa = PBXProject;
			attributes = {
				LastUpgradeCheck = 1010;
				ORGANIZATIONNAME = "Tom Xing";
				TargetAttributes = {
					72AC35152220ECDF004BE496 = {
						CreatedOnToolsVersion = 10.1;
					};
				};
			};
			buildConfigurationList = 72AC35112220ECDF004BE496 /* Build configuration list for PBXProject "netprogram" */;
			compatibilityVersion = "Xcode 9.3";
			developmentRegion = en;
			hasScannedForEncodings = 0;
			knownRegions = (
				en,
			);
			mainGroup = 72AC350D2220ECDF004BE496;
			productRefGroup = 72AC35172220ECDF004BE496 /* Products */;
			projectDirPath = "";
			projectRoot = "";
			targets = (
				72AC35152220ECDF004BE496 /* netprogram */,
			);
		};
/* End PBXProject section */

/* Begin PBXSourcesBuildPhase section */
		72AC35122220ECDF004BE496 /* Sources */ = {
			isa = PBXSourcesBuildPhase;
			buildActionMask = 2147483647;
			files = (
				7FE2EB7A22324BC700ACC5F2 /* daytimeservinetd.c in Sources */,
				7FE2EB78223234EB00ACC5F2 /* daytimeserv.c in Sources */,
				7FE2EB73223102DF00ACC5F2 /* daytimecli.c in Sources */,
				7FB75EA2222F6E6B00C7BA2D /* libnet.c in Sources */,
			);
			runOnlyForDeploymentPostprocessing = 0;
		};
/* End PBXSourcesBuildPhase section */

/* Begin XCBuildConfiguration section */
		72AC351B2220ECDF004BE496 /* Debug */ = {
			isa = XCBuildConfiguration;
			buildSettings = {
				ALWAYS_SEARCH_USER_PATHS = NO;
				CLANG_ANALYZER_NONNULL = YES;
				CLANG_ANALYZER_NUMBER_OBJECT_CONVERSION = YES_AGGRESSIVE;
				CLANG_CXX_LANGUAGE_STANDARD = "gnu++14";
				CLANG_CXX_LIBRARY = "libc++";
				CLANG_ENABLE_MODULES = YES;
				CLANG_ENABLE_OBJC_ARC = YES;
				CLANG_ENABLE_OBJC_WEAK = YES;
				CLANG_WARN_BLOCK_CAPTURE_AUTORELEASING = YES;
				CLANG_WARN_BOOL_CONVERSION = YES;
				CLANG_WARN_COMMA = YES;
				CLANG_WARN_CONSTANT_CONVERSION = YES;
				CLANG_WARN_DEPRECATED_OBJC_IMPLEMENTATIONS = YES;
				CLANG_WARN_DIRECT_OBJC_ISA_USAGE = YES_ERROR;
				CLANG_WARN_DOCUMENTATION_COMMENTS = YES;
				CLANG_WARN_EMPTY_BODY = YES;
				CLANG_WARN_ENUM_CONVERSION = YES;
				CLANG_WARN_INFINITE_RECURSION = YES;
				CLANG_WARN_INT_CONVERSION = YES;
				CLANG_WARN_NON_LITERAL_NULL_CONVERSION = YES;
				CLANG_WARN_OBJC_IMPLICIT_RETAIN_SELF = YES;
				CLANG_WARN_OBJC_LITERAL_CONVERSION = YES;
				CLANG_WARN_OBJC_ROOT_CLASS = YES_ERROR;
				CLANG_WARN_RANGE_LOOP_ANALYSIS = YES;
				CLANG_WARN_STRICT_PROTOTYPES = YES;
				CLANG_WARN_SUSPICIOUS_MOVE = YES;
				CLANG_WARN_UNGUARDED_AVAILABILITY = YES_AGGRESSIVE;
				CLANG_WARN_UNREACHABLE_CODE = YES;
				CLANG_WARN__DUPLICATE_METHOD_MATCH = YES;
				CODE_SIGN_IDENTITY = "-";
				COPY_PHASE_STRIP = NO;
				DEBUG_INFORMATION_FORMAT = dwarf;
				ENABLE_STRICT_OBJC_MSGSEND = YES;
				ENABLE_TESTABILITY = YES;
				GCC_C_LANGUAGE_STANDARD = gnu11;
				GCC_DYNAMIC_NO_PIC = NO;
				GCC_NO_COMMON_BLOCKS = YES;
				GCC_OPTIMIZATION_LEVEL = 0;
				GCC_PREPROCESSOR_DEFINITIONS = (
					"DEBUG=1",
					"$(inherited)",
				);
				GCC_WARN_64_TO_32_BIT_CONVERSION = YES;
				GCC_WARN_ABOUT_RETURN_TYPE = YES_ERROR;
				GCC_WARN_UNDECLARED_SELECTOR = YES;
				GCC_WARN_UNINITIALIZED_AUTOS = YES_AGGRESSIVE;
				GCC_WARN_UNUSED_FUNCTION = YES;
				GCC_WARN_UNUSED_VARIABLE = YES;
				MACOSX_DEPLOYMENT_TARGET = 10.14;
				MTL_ENABLE_DEBUG_INFO = INCLUDE_SOURCE;
				MTL_FAST_MATH = YES;
				ONLY_ACTIVE_ARCH = YES;
				SDKROOT = macosx;
			};
			name = Debug;
		};
		72AC351C2220ECDF004BE496 /* Release */ = {
			isa = XCBuildConfiguration;
			buildSettings = {
				ALWAYS_SEARCH_USER_PATHS = NO;
				CLANG_ANALYZER_NONNULL = YES;
				CLANG_ANALYZER_NUMBER_OBJECT_CONVERSION = YES_AGGRESSIVE;
				CLANG_CXX_LANGUAGE_STANDARD = "gnu++14";
				CLANG_CXX_LIBRARY = "libc++";
				CLANG_ENABLE_MODULES = YES;
				CLANG_ENABLE_OBJC_ARC = YES;
				CLANG_ENABLE_OBJC_WEAK = YES;
				CLANG_WARN_BLOCK_CAPTURE_AUTORELEASING = YES;
				CLANG_WARN_BOOL_CONVERSION = YES;
				CLANG_WARN_COMMA = YES;
				CLANG_WARN_CONSTANT_CONVERSION = YES;
				CLANG_WARN_DEPRECATED_OBJC_IMPLEMENTATIONS = YES;
				CLANG_WARN_DIRECT_OBJC_ISA_USAGE = YES_ERROR;
				CLANG_WARN_DOCUMENTATION_COMMENTS = YES;
				CLANG_WARN_EMPTY_BODY = YES;
				CLANG_WARN_ENUM_CONVERSION = YES;
				CLANG_WARN_INFINITE_RECURSION = YES;
				CLANG_WARN_INT_CONVERSION = YES;
				CLANG_WARN_NON_LITERAL_NULL_CONVERSION = YES;
				CLANG_WARN_OBJC_IMPLICIT_RETAIN_SELF = YES;
				CLANG_WARN_OBJC_LITERAL_CONVERSION = YES;
				CLANG_WARN_OBJC_ROOT_CLASS = YES_ERROR;
				CLANG_WARN_RANGE_LOOP_ANALYSIS = YES;
				CLANG_WARN_STRICT_PROTOTYPES = YES;
				CLANG_WARN_SUSPICIOUS_MOVE = YES;
				CLANG_WARN_UNGUARDED_AVAILABILITY = YES_AGGRESSIVE;
				CLANG_WARN_UNREACHABLE_CODE = YES;
				CLANG_WARN__DUPLICATE_METHOD_MATCH = YES;
				CODE_SIGN_IDENTITY = "-";
				COPY_PHASE_STRIP = NO;
				DEBUG_INFORMATION_FORMAT = "dwarf-with-dsym";
				ENABLE_NS_ASSERTIONS = NO;
				ENABLE_STRICT_OBJC_MSGSEND = YES;
				GCC_C_LANGUAGE_STANDARD = gnu11;
				GCC_NO_COMMON_BLOCKS = YES;
				GCC_WARN_64_TO_32_BIT_CONVERSION = YES;
				GCC_WARN_ABOUT_RETURN_TYPE = YES_ERROR;
				GCC_WARN_UNDECLARED_SELECTOR = YES;
				GCC_WARN_UNINITIALIZED_AUTOS = YES_AGGRESSIVE;
				GCC_WARN_UNUSED_FUNCTION = YES;
				GCC_WARN_UNUSED_VARIABLE = YES;
				MACOSX_DEPLOYMENT_TARGET = 10.14;
				MTL_ENABLE_DEBUG_INFO = NO;
				MTL_FAST_MATH = YES;
				SDKROOT = macosx;
			};
			name = Release;
		};
		72AC351E2220ECDF004BE496 /* Debug */ = {
			isa = XCBuildConfiguration;
			buildSettings = {
				CODE_SIGN_STYLE = Automatic;
				HEADER_SEARCH_PATHS = (
					/Users/tomxing/Documents/unixnetworkprogram/lib,
					/Users/wentaoxing/Documents/unixnetworkprogram/lib,
				);
				LIBRARY_SEARCH_PATHS = (
					/Users/tomxing/Documents/unixnetworkprogram,
					/Users/wentaoxing/Documents/unixnetworkprogram,
				);
				PRODUCT_NAME = "$(TARGET_NAME)";
				USER_HEADER_SEARCH_PATHS = (
					/Users/tomxing/Documents/unixnetworkprogram/lib,
					/Users/wentaoxing/Documents/unixnetworkprogram/lib,
				);
				"USER_HEADER_SEARCH_PATHS[arch=*]" = "";
			};
			name = Debug;
		};
		72AC351F2220ECDF004BE496 /* Release */ = {
			isa = XCBuildConfiguration;
			buildSettings = {
				CODE_SIGN_STYLE = Automatic;
				HEADER_SEARCH_PATHS = (
					/Users/tomxing/Documents/unixnetworkprogram/lib,
					/Users/wentaoxing/Documents/unixnetworkprogram/lib,
				);
				LIBRARY_SEARCH_PATHS = (
					/Users/tomxing/Documents/unixnetworkprogram,
					/Users/wentaoxing/Documents/unixnetworkprogram,
				);
				PRODUCT_NAME = "$(TARGET_NAME)";
				USER_HEADER_SEARCH_PATHS = /Users/wentaoxing/Documents/unixnetworkprogram/lib;
			};
			name = Release;
		};
/* End XCBuildConfiguration section */

/* Begin XCConfigurationList section */
		72AC35112220ECDF004BE496 /* Build configuration list for PBXProject "netprogram" */ = {
			isa = XCConfigurationList;
			buildConfigurations = (
				72AC351B2220ECDF004BE496 /* Debug */,
				72AC351C2220ECDF004BE496 /* Release */,
			);
			defaultConfigurationIsVisible = 0;
			defaultConfigurationName = Release;
		};
		72AC351D2220ECDF004BE496 /* Build configuration list for PBXNativeTarget "netprogram" */ = {
			isa = XCConfigurationList;
			buildConfigurations = (
				72AC351E2220ECDF004BE496 /* Debug */,
				72AC351F2220ECDF004BE496 /* Release */,
			);
			defaultConfigurationIsVisible = 0;
			defaultConfigurationName = Release;
		};
/* End XCConfigurationList section */
	};
	rootObject = 72AC350E2220ECDF004BE496 /* Project object */;
}
